{
  "name": "test_player",
  "version": "1.0.0",
  "lockfileVersion": 3,
  "requires": true,
  "packages": {
    "": {
      "name": "test_player",
      "version": "1.0.0",
      "license": "ISC",
      "dependencies": {
        "keypress": "^0.2.1"
      },
      "bin": {
        "test_player": "bin/main.js"
      },
      "devDependencies": {
        "@types/node": "^20.2.5"
      }
    },
    "node_modules/@types/node": {
      "version": "20.2.5",
      "resolved": "https://registry.npmjs.org/@types/node/-/node-20.2.5.tgz",
      "integrity": "sha512-JJulVEQXmiY9Px5axXHeYGLSjhkZEnD+MDPDGbCbIAbMslkKwmygtZFy1X6s/075Yo94sf8GuSlFfPzysQrWZQ==",
      "dev": true
    },
    "node_modules/keypress": {
      "version": "0.2.1",
      "resolved": "https://registry.npmjs.org/keypress/-/keypress-0.2.1.tgz",
      "integrity": "sha512-HjorDJFNhnM4SicvaUXac0X77NiskggxJdesG72+O5zBKpSqKFCrqmndKVqpu3pFqkla0St6uGk8Ju0sCurrmg=="
    }
  }
}
